github.com/Aquarian-Age/xa v1.1.7-0.20220921100812-8ffbebd34b4a h1:TjdRDQt6I7gksn+wVAURmvDgc9hj/YXXqXSEcsVeAVU=
github.com/Aquarian-Age/xa v1.1.7-0.20220921100812-8ffbebd34b4a/go.mod h1:8HWx0mdnKVnUzY+u7SuSVwfedYYv2R9kC3NaHPosvos=
github.com/starainrt/astro v0.0.0-20220105092628-c0bcbbb42a60 h1:7H4o8ERRUQrKhTxKIpZapfWaQq5C0GGSAHRWrCFw2Ms=
github.com/starainrt/astro v0.0.0-20220105092628-c0bcbbb42a60/go.mod h1:aouKnxcSoddULB1nHg3afX18i7JAQs7HgwsIHpzNeis=
